schema: '2.0'
stages:
  data_ingestion:
    cmd: python src/data_ingestion.py
    deps:
    - path: src/data_ingestion.py
      hash: md5
      md5: 7941edc9bc5949ee5661afba3ca3daad
      size: 3672
    params:
      params.yaml:
        data_ingestion.test_size: 0.3
    outs:
    - path: data/raw
      hash: md5
      md5: d26befd2dda9438254177d9000d9ba1f.dir
      size: 484846
      nfiles: 2
  pre_processing:
    cmd: python src/pre_processing.py
    deps:
    - path: data/raw
      hash: md5
      md5: d26befd2dda9438254177d9000d9ba1f.dir
      size: 484846
      nfiles: 2
    - path: src/pre_processing.py
      hash: md5
      md5: ae0059b79590609927f72e3c373f1865
      size: 3973
    outs:
    - path: data/interim
      hash: md5
      md5: 61ca13b2e20854a1f7bacbbcfeca409e.dir
      size: 262513
      nfiles: 2
  feature_eng:
    cmd: python src/feature_eng.py
    deps:
    - path: data/interim
      hash: md5
      md5: 61ca13b2e20854a1f7bacbbcfeca409e.dir
      size: 262513
      nfiles: 2
    - path: src/feature_eng.py
      hash: md5
      md5: 7180293cdc72db8f3748a858f44f243a
      size: 3997
    params:
      params.yaml:
        feature_engineering.max_features: 200
    outs:
    - path: data/processed
      hash: md5
      md5: 851811b84a5181dca6504fe4221a6538.dir
      size: 4520407
      nfiles: 2
  model_building:
    cmd: python src/model_building.py
    deps:
    - path: data/processed
      hash: md5
      md5: 851811b84a5181dca6504fe4221a6538.dir
      size: 4520407
      nfiles: 2
    - path: src/model_building.py
      hash: md5
      md5: 7637082d041e7cbb45c5afe739b8c7f5
      size: 4305
    params:
      params.yaml:
        model_building.n_estimators: 75
        model_building.random_state: 42
    outs:
    - path: models/model.pkl
      hash: md5
      md5: bf8f3cff40e810b53317081911b8ddd5
      size: 4512227
  model_evaluation:
    cmd: python src/model_eval.py
    deps:
    - path: models/model.pkl
      hash: md5
      md5: bf8f3cff40e810b53317081911b8ddd5
      size: 4512227
    - path: src/model_eval.py
      hash: md5
      md5: 283b347e21bff521898e321fb4657637
      size: 4604
    outs:
    - path: reports/metrics.json
      hash: md5
      md5: 5bead4428142966a119784bef3951eb8
      size: 145
